// !$*UTF8*$!
{
	archiveVersion = 1;
	classes = {
	};
	objectVersion = 50;
	objects = {

/* Begin PBXBuildFile section */
		43449E5425753B020022C054 /* AppDelegate.swift in Sources */ = {isa = PBXBuildFile; fileRef = 43449E5325753B020022C054 /* AppDelegate.swift */; };
		43449E5625753B020022C054 /* SceneDelegate.swift in Sources */ = {isa = PBXBuildFile; fileRef = 43449E5525753B020022C054 /* SceneDelegate.swift */; };
		43449E5825753B020022C054 /* ViewController.swift in Sources */ = {isa = PBXBuildFile; fileRef = 43449E5725753B020022C054 /* ViewController.swift */; };
		43449E5B25753B020022C054 /* Main.storyboard in Resources */ = {isa = PBXBuildFile; fileRef = 43449E5925753B020022C054 /* Main.storyboard */; };
		43449E5D25753B040022C054 /* Assets.xcassets in Resources */ = {isa = PBXBuildFile; fileRef = 43449E5C25753B040022C054 /* Assets.xcassets */; };
		43449E6025753B040022C054 /* LaunchScreen.storyboard in Resources */ = {isa = PBXBuildFile; fileRef = 43449E5E25753B040022C054 /* LaunchScreen.storyboard */; };
		ECB3A190D927AB54323F5A6F /* Pods_IMAExampleUIKit.framework in Frameworks */ = {isa = PBXBuildFile; fileRef = AC8B87A8ACA37E873041DADB /* Pods_IMAExampleUIKit.framework */; };
/* End PBXBuildFile section */

/* Begin PBXFileReference section */
		10BF1D5B7EF1D115AB77EB8A /* Pods-IMAExampleUIKit.debug.xcconfig */ = {isa = PBXFileReference; includeInIndex = 1; lastKnownFileType = text.xcconfig; name = "Pods-IMAExampleUIKit.debug.xcconfig"; path = "Target Support Files/Pods-IMAExampleUIKit/Pods-IMAExampleUIKit.debug.xcconfig"; sourceTree = "<group>"; };
		43449E5025753B020022C054 /* IMAExampleUIKit.app */ = {isa = PBXFileReference; explicitFileType = wrapper.application; includeInIndex = 0; path = IMAExampleUIKit.app; sourceTree = BUILT_PRODUCTS_DIR; };
		43449E5325753B020022C054 /* AppDelegate.swift */ = {isa = PBXFileReference; lastKnownFileType = sourcecode.swift; path = AppDelegate.swift; sourceTree = "<group>"; };
		43449E5525753B020022C054 /* SceneDelegate.swift */ = {isa = PBXFileReference; lastKnownFileType = sourcecode.swift; path = SceneDelegate.swift; sourceTree = "<group>"; };
		43449E5725753B020022C054 /* ViewController.swift */ = {isa = PBXFileReference; lastKnownFileType = sourcecode.swift; path = ViewController.swift; sourceTree = "<group>"; };
		43449E5A25753B020022C054 /* Base */ = {isa = PBXFileReference; lastKnownFileType = file.storyboard; name = Base; path = Base.lproj/Main.storyboard; sourceTree = "<group>"; };
		43449E5C25753B040022C054 /* Assets.xcassets */ = {isa = PBXFileReference; lastKnownFileType = folder.assetcatalog; path = Assets.xcassets; sourceTree = "<group>"; };
		43449E5F25753B040022C054 /* Base */ = {isa = PBXFileReference; lastKnownFileType = file.storyboard; name = Base; path = Base.lproj/LaunchScreen.storyboard; sourceTree = "<group>"; };
		43449E6125753B040022C054 /* Info.plist */ = {isa = PBXFileReference; lastKnownFileType = text.plist.xml; path = Info.plist; sourceTree = "<group>"; };
		AC8B87A8ACA37E873041DADB /* Pods_IMAExampleUIKit.framework */ = {isa = PBXFileReference; explicitFileType = wrapper.framework; includeInIndex = 0; path = Pods_IMAExampleUIKit.framework; sourceTree = BUILT_PRODUCTS_DIR; };
		C3753AA59EE927C0B4B7E022 /* Pods-IMAExampleUIKit.release.xcconfig */ = {isa = PBXFileReference; includeInIndex = 1; lastKnownFileType = text.xcconfig; name = "Pods-IMAExampleUIKit.release.xcconfig"; path = "Target Support Files/Pods-IMAExampleUIKit/Pods-IMAExampleUIKit.release.xcconfig"; sourceTree = "<group>"; };
/* End PBXFileReference section */

/* Begin PBXFrameworksBuildPhase section */
		43449E4D25753B020022C054 /* Frameworks */ = {
			isa = PBXFrameworksBuildPhase;
			buildActionMask = 2147483647;
			files = (
				ECB3A190D927AB54323F5A6F /* Pods_IMAExampleUIKit.framework in Frameworks */,
			);
			runOnlyForDeploymentPostprocessing = 0;
		};
/* End PBXFrameworksBuildPhase section */

/* Begin PBXGroup section */
		396BAED5E633BBC289572158 /* Pods */ = {
			isa = PBXGroup;
			children = (
				10BF1D5B7EF1D115AB77EB8A /* Pods-IMAExampleUIKit.debug.xcconfig */,
				C3753AA59EE927C0B4B7E022 /* Pods-IMAExampleUIKit.release.xcconfig */,
			);
			name = Pods;
			path = Pods;
			sourceTree = "<group>";
		};
		43449E4725753B020022C054 = {
			isa = PBXGroup;
			children = (
				43449E5225753B020022C054 /* IMAExampleUIKit */,
				43449E5125753B020022C054 /* Products */,
				396BAED5E633BBC289572158 /* Pods */,
				F99EF1EE65F4C7E11A5AF1FA /* Frameworks */,
			);
			sourceTree = "<group>";
		};
		43449E5125753B020022C054 /* Products */ = {
			isa = PBXGroup;
			children = (
				43449E5025753B020022C054 /* IMAExampleUIKit.app */,
			);
			name = Products;
			sourceTree = "<group>";
		};
		43449E5225753B020022C054 /* IMAExampleUIKit */ = {
			isa = PBXGroup;
			children = (
				43449E5325753B020022C054 /* AppDelegate.swift */,
				43449E5525753B020022C054 /* SceneDelegate.swift */,
				43449E5725753B020022C054 /* ViewController.swift */,
				43449E5925753B020022C054 /* Main.storyboard */,
				43449E5C25753B040022C054 /* Assets.xcassets */,
				43449E5E25753B040022C054 /* LaunchScreen.storyboard */,
				43449E6125753B040022C054 /* Info.plist */,
			);
			path = IMAExampleUIKit;
			sourceTree = "<group>";
		};
		F99EF1EE65F4C7E11A5AF1FA /* Frameworks */ = {
			isa = PBXGroup;
			children = (
				AC8B87A8ACA37E873041DADB /* Pods_IMAExampleUIKit.framework */,
			);
			name = Frameworks;
			sourceTree = "<group>";
		};
/* End PBXGroup section */

/* Begin PBXNativeTarget section */
		43449E4F25753B020022C054 /* IMAExampleUIKit */ = {
			isa = PBXNativeTarget;
			buildConfigurationList = 43449E6425753B040022C054 /* Build configuration list for PBXNativeTarget "IMAExampleUIKit" */;
			buildPhases = (
				B28E6AD532C771EE436BFC2F /* [CP] Check Pods Manifest.lock */,
				43449E4C25753B020022C054 /* Sources */,
				43449E4D25753B020022C054 /* Frameworks */,
				43449E4E25753B020022C054 /* Resources */,
				F46C631C767B123A6C48E389 /* [CP] Embed Pods Frameworks */,
			);
			buildRules = (
			);
			dependencies = (
			);
			name = IMAExampleUIKit;
			productName = IMAExampleUIKit;
			productReference = 43449E5025753B020022C054 /* IMAExampleUIKit.app */;
			productType = "com.apple.product-type.application";
		};
/* End PBXNativeTarget section */

/* Begin PBXProject section */
		43449E4825753B020022C054 /* Project object */ = {
			isa = PBXProject;
			attributes = {
				LastSwiftUpdateCheck = 1210;
				LastUpgradeCheck = 1210;
				TargetAttributes = {
					43449E4F25753B020022C054 = {
						CreatedOnToolsVersion = 12.1;
					};
				};
			};
			buildConfigurationList = 43449E4B25753B020022C054 /* Build configuration list for PBXProject "IMAExampleUIKit" */;
			compatibilityVersion = "Xcode 9.3";
			developmentRegion = en;
			hasScannedForEncodings = 0;
			knownRegions = (
				en,
				Base,
			);
			mainGroup = 43449E4725753B020022C054;
			productRefGroup = 43449E5125753B020022C054 /* Products */;
			projectDirPath = "";
			projectRoot = "";
			targets = (
				43449E4F25753B020022C054 /* IMAExampleUIKit */,
			);
		};
/* End PBXProject section */

/* Begin PBXResourcesBuildPhase section */
		43449E4E25753B020022C054 /* Resources */ = {
			isa = PBXResourcesBuildPhase;
			buildActionMask = 2147483647;
			files = (
				43449E6025753B040022C054 /* LaunchScreen.storyboard in Resources */,
				43449E5D25753B040022C054 /* Assets.xcassets in Resources */,
				43449E5B25753B020022C054 /* Main.storyboard in Resources */,
			);
			runOnlyForDeploymentPostprocessing = 0;
		};
/* End PBXResourcesBuildPhase section */

/* Begin PBXShellScriptBuildPhase section */
		B28E6AD532C771EE436BFC2F /* [CP] Check Pods Manifest.lock */ = {
			isa = PBXShellScriptBuildPhase;
			buildActionMask = 2147483647;
			files = (
			);
			inputFileListPaths = (
			);
			inputPaths = (
				"${PODS_PODFILE_DIR_PATH}/Podfile.lock",
				"${PODS_ROOT}/Manifest.lock",
			);
			name = "[CP] Check Pods Manifest.lock";
			outputFileListPaths = (
			);
			outputPaths = (
				"$(DERIVED_FILE_DIR)/Pods-IMAExampleUIKit-checkManifestLockResult.txt",
			);
			runOnlyForDeploymentPostprocessing = 0;
			shellPath = /bin/sh;
			shellScript = "diff \"${PODS_PODFILE_DIR_PATH}/Podfile.lock\" \"${PODS_ROOT}/Manifest.lock\" > /dev/null\nif [ $? != 0 ] ; then\n    # print error to STDERR\n    echo \"error: The sandbox is not in sync with the Podfile.lock. Run 'pod install' or update your CocoaPods installation.\" >&2\n    exit 1\nfi\n# This output is used by Xcode 'outputs' to avoid re-running this script phase.\necho \"SUCCESS\" > \"${SCRIPT_OUTPUT_FILE_0}\"\n";
			showEnvVarsInLog = 0;
		};
		F46C631C767B123A6C48E389 /* [CP] Embed Pods Frameworks */ = {
			isa = PBXShellScriptBuildPhase;
			buildActionMask = 2147483647;
			files = (
			);
			inputFileListPaths = (
				"${PODS_ROOT}/Target Support Files/Pods-IMAExampleUIKit/Pods-IMAExampleUIKit-frameworks-${CONFIGURATION}-input-files.xcfilelist",
			);
			name = "[CP] Embed Pods Frameworks";
			outputFileListPaths = (
				"${PODS_ROOT}/Target Support Files/Pods-IMAExampleUIKit/Pods-IMAExampleUIKit-frameworks-${CONFIGURATION}-output-files.xcfilelist",
			);
			runOnlyForDeploymentPostprocessing = 0;
			shellPath = /bin/sh;
			shellScript = "\"${PODS_ROOT}/Target Support Files/Pods-IMAExampleUIKit/Pods-IMAExampleUIKit-frameworks.sh\"\n";
			showEnvVarsInLog = 0;
		};
/* End PBXShellScriptBuildPhase section */

/* Begin PBXSourcesBuildPhase section */
		43449E4C25753B020022C054 /* Sources */ = {
			isa = PBXSourcesBuildPhase;
			buildActionMask = 2147483647;
			files = (
				43449E5825753B020022C054 /* ViewController.swift in Sources */,
				43449E5425753B020022C054 /* AppDelegate.swift in Sources */,
				43449E5625753B020022C054 /* SceneDelegate.swift in Sources */,
			);
			runOnlyForDeploymentPostprocessing = 0;
		};
/* End PBXSourcesBuildPhase section */

/* Begin PBXVariantGroup section */
		43449E5925753B020022C054 /* Main.storyboard */ = {
			isa = PBXVariantGroup;
			children = (
				43449E5A25753B020022C054 /* Base */,
			);
			name = Main.storyboard;
			sourceTree = "<group>";
		};
		43449E5E25753B040022C054 /* LaunchScreen.storyboard */ = {
			isa = PBXVariantGroup;
			children = (
				43449E5F25753B040022C054 /* Base */,
			);
			name = LaunchScreen.storyboard;
			sourceTree = "<group>";
		};
/* End PBXVariantGroup section */

/* Begin XCBuildConfiguration section */
		43449E6225753B040022C054 /* Debug */ = {
			isa = XCBuildConfiguration;
			buildSettings = {
				ALWAYS_SEARCH_USER_PATHS = NO;
				CLANG_ANALYZER_NONNULL = YES;
				CLANG_ANALYZER_NUMBER_OBJECT_CONVERSION = YES_AGGRESSIVE;
				CLANG_CXX_LANGUAGE_STANDARD = "gnu++14";
				CLANG_CXX_LIBRARY = "libc++";
				CLANG_ENABLE_MODULES = YES;
				CLANG_ENABLE_OBJC_ARC = YES;
				CLANG_ENABLE_OBJC_WEAK = YES;
				CLANG_WARN_BLOCK_CAPTURE_AUTORELEASING = YES;
				CLANG_WARN_BOOL_CONVERSION = YES;
				CLANG_WARN_COMMA = YES;
				CLANG_WARN_CONSTANT_CONVERSION = YES;
				CLANG_WARN_DEPRECATED_OBJC_IMPLEMENTATIONS = YES;
				CLANG_WARN_DIRECT_OBJC_ISA_USAGE = YES_ERROR;
				CLANG_WARN_DOCUMENTATION_COMMENTS = YES;
				CLANG_WARN_EMPTY_BODY = YES;
				CLANG_WARN_ENUM_CONVERSION = YES;
				CLANG_WARN_INFINITE_RECURSION = YES;
				CLANG_WARN_INT_CONVERSION = YES;
				CLANG_WARN_NON_LITERAL_NULL_CONVERSION = YES;
				CLANG_WARN_OBJC_IMPLICIT_RETAIN_SELF = YES;
				CLANG_WARN_OBJC_LITERAL_CONVERSION = YES;
				CLANG_WARN_OBJC_ROOT_CLASS = YES_ERROR;
				CLANG_WARN_QUOTED_INCLUDE_IN_FRAMEWORK_HEADER = YES;
				CLANG_WARN_RANGE_LOOP_ANALYSIS = YES;
				CLANG_WARN_STRICT_PROTOTYPES = YES;
				CLANG_WARN_SUSPICIOUS_MOVE = YES;
				CLANG_WARN_UNGUARDED_AVAILABILITY = YES_AGGRESSIVE;
				CLANG_WARN_UNREACHABLE_CODE = YES;
				CLANG_WARN__DUPLICATE_METHOD_MATCH = YES;
				COPY_PHASE_STRIP = NO;
				DEBUG_INFORMATION_FORMAT = dwarf;
				ENABLE_STRICT_OBJC_MSGSEND = YES;
				ENABLE_TESTABILITY = YES;
				GCC_C_LANGUAGE_STANDARD = gnu11;
				GCC_DYNAMIC_NO_PIC = NO;
				GCC_NO_COMMON_BLOCKS = YES;
				GCC_OPTIMIZATION_LEVEL = 0;
				GCC_PREPROCESSOR_DEFINITIONS = (
					"DEBUG=1",
					"$(inherited)",
				);
				GCC_WARN_64_TO_32_BIT_CONVERSION = YES;
				GCC_WARN_ABOUT_RETURN_TYPE = YES_ERROR;
				GCC_WARN_UNDECLARED_SELECTOR = YES;
				GCC_WARN_UNINITIALIZED_AUTOS = YES_AGGRESSIVE;
				GCC_WARN_UNUSED_FUNCTION = YES;
				GCC_WARN_UNUSED_VARIABLE = YES;
				IPHONEOS_DEPLOYMENT_TARGET = 14.1;
				MTL_ENABLE_DEBUG_INFO = INCLUDE_SOURCE;
				MTL_FAST_MATH = YES;
				ONLY_ACTIVE_ARCH = YES;
				SDKROOT = iphoneos;
				SWIFT_ACTIVE_COMPILATION_CONDITIONS = DEBUG;
				SWIFT_OPTIMIZATION_LEVEL = "-Onone";
			};
			name = Debug;
		};
		43449E6325753B040022C054 /* Release */ = {
			isa = XCBuildConfiguration;
			buildSettings = {
				ALWAYS_SEARCH_USER_PATHS = NO;
				CLANG_ANALYZER_NONNULL = YES;
				CLANG_ANALYZER_NUMBER_OBJECT_CONVERSION = YES_AGGRESSIVE;
				CLANG_CXX_LANGUAGE_STANDARD = "gnu++14";
				CLANG_CXX_LIBRARY = "libc++";
				CLANG_ENABLE_MODULES = YES;
				CLANG_ENABLE_OBJC_ARC = YES;
				CLANG_ENABLE_OBJC_WEAK = YES;
				CLANG_WARN_BLOCK_CAPTURE_AUTORELEASING = YES;
				CLANG_WARN_BOOL_CONVERSION = YES;
				CLANG_WARN_COMMA = YES;
				CLANG_WARN_CONSTANT_CONVERSION = YES;
				CLANG_WARN_DEPRECATED_OBJC_IMPLEMENTATIONS = YES;
				CLANG_WARN_DIRECT_OBJC_ISA_USAGE = YES_ERROR;
				CLANG_WARN_DOCUMENTATION_COMMENTS = YES;
				CLANG_WARN_EMPTY_BODY = YES;
				CLANG_WARN_ENUM_CONVERSION = YES;
				CLANG_WARN_INFINITE_RECURSION = YES;
				CLANG_WARN_INT_CONVERSION = YES;
				CLANG_WARN_NON_LITERAL_NULL_CONVERSION = YES;
				CLANG_WARN_OBJC_IMPLICIT_RETAIN_SELF = YES;
				CLANG_WARN_OBJC_LITERAL_CONVERSION = YES;
				CLANG_WARN_OBJC_ROOT_CLASS = YES_ERROR;
				CLANG_WARN_QUOTED_INCLUDE_IN_FRAMEWORK_HEADER = YES;
				CLANG_WARN_RANGE_LOOP_ANALYSIS = YES;
				CLANG_WARN_STRICT_PROTOTYPES = YES;
				CLANG_WARN_SUSPICIOUS_MOVE = YES;
				CLANG_WARN_UNGUARDED_AVAILABILITY = YES_AGGRESSIVE;
				CLANG_WARN_UNREACHABLE_CODE = YES;
				CLANG_WARN__DUPLICATE_METHOD_MATCH = YES;
				COPY_PHASE_STRIP = NO;
				DEBUG_INFORMATION_FORMAT = "dwarf-with-dsym";
				ENABLE_NS_ASSERTIONS = NO;
				ENABLE_STRICT_OBJC_MSGSEND = YES;
				GCC_C_LANGUAGE_STANDARD = gnu11;
				GCC_NO_COMMON_BLOCKS = YES;
				GCC_WARN_64_TO_32_BIT_CONVERSION = YES;
				GCC_WARN_ABOUT_RETURN_TYPE = YES_ERROR;
				GCC_WARN_UNDECLARED_SELECTOR = YES;
				GCC_WARN_UNINITIALIZED_AUTOS = YES_AGGRESSIVE;
				GCC_WARN_UNUSED_FUNCTION = YES;
				GCC_WARN_UNUSED_VARIABLE = YES;
				IPHONEOS_DEPLOYMENT_TARGET = 14.1;
				MTL_ENABLE_DEBUG_INFO = NO;
				MTL_FAST_MATH = YES;
				SDKROOT = iphoneos;
				SWIFT_COMPILATION_MODE = wholemodule;
				SWIFT_OPTIMIZATION_LEVEL = "-O";
				VALIDATE_PRODUCT = YES;
			};
			name = Release;
		};
		43449E6525753B040022C054 /* Debug */ = {
			isa = XCBuildConfiguration;
			baseConfigurationReference = 10BF1D5B7EF1D115AB77EB8A /* Pods-IMAExampleUIKit.debug.xcconfig */;
			buildSettings = {
				ASSETCATALOG_COMPILER_APPICON_NAME = AppIcon;
				ASSETCATALOG_COMPILER_GLOBAL_ACCENT_COLOR_NAME = AccentColor;
				CODE_SIGN_STYLE = Automatic;
				DEVELOPMENT_TEAM = NRK65F985A;
				INFOPLIST_FILE = IMAExampleUIKit/Info.plist;
				LD_RUNPATH_SEARCH_PATHS = (
					"$(inherited)",
					"@executable_path/Frameworks",
				);
				PRODUCT_BUNDLE_IDENTIFIER = com.pogramystic.IMAExampleUIKit;
				PRODUCT_NAME = "$(TARGET_NAME)";
				SWIFT_VERSION = 5.0;
				TARGETED_DEVICE_FAMILY = "1,2";
			};
			name = Debug;
		};
		43449E6625753B040022C054 /* Release */ = {
			isa = XCBuildConfiguration;
			baseConfigurationReference = C3753AA59EE927C0B4B7E022 /* Pods-IMAExampleUIKit.release.xcconfig */;
			buildSettings = {
				ASSETCATALOG_COMPILER_APPICON_NAME = AppIcon;
				ASSETCATALOG_COMPILER_GLOBAL_ACCENT_COLOR_NAME = AccentColor;
				CODE_SIGN_STYLE = Automatic;
				DEVELOPMENT_TEAM = NRK65F985A;
				INFOPLIST_FILE = IMAExampleUIKit/Info.plist;
				LD_RUNPATH_SEARCH_PATHS = (
					"$(inherited)",
					"@executable_path/Frameworks",
				);
				PRODUCT_BUNDLE_IDENTIFIER = com.pogramystic.IMAExampleUIKit;
				PRODUCT_NAME = "$(TARGET_NAME)";
				SWIFT_VERSION = 5.0;
				TARGETED_DEVICE_FAMILY = "1,2";
			};
			name = Release;
		};
/* End XCBuildConfiguration section */

/* Begin XCConfigurationList section */
		43449E4B25753B020022C054 /* Build configuration list for PBXProject "IMAExampleUIKit" */ = {
			isa = XCConfigurationList;
			buildConfigurations = (
				43449E6225753B040022C054 /* Debug */,
				43449E6325753B040022C054 /* Release */,
			);
			defaultConfigurationIsVisible = 0;
			defaultConfigurationName = Release;
		};
		43449E6425753B040022C054 /* Build configuration list for PBXNativeTarget "IMAExampleUIKit" */ = {
			isa = XCConfigurationList;
			buildConfigurations = (
				43449E6525753B040022C054 /* Debug */,
				43449E6625753B040022C054 /* Release */,
			);
			defaultConfigurationIsVisible = 0;
			defaultConfigurationName = Release;
		};
/* End XCConfigurationList section */
	};
	rootObject = 43449E4825753B020022C054 /* Project object */;
}
